{
    "name": "@ore-ui-types/enums",
    "version": "1.8.0",
    "lockfileVersion": 3,
    "requires": true,
    "packages": {
        "": {
            "name": "@ore-ui-types/enums",
            "version": "1.8.0",
            "license": "MIT",
            "devDependencies": {
                "prettier-plugin-markdown-list-tabwidth": "^1.2.0"
            }
        },
        "node_modules/prettier": {
            "version": "3.9.6",
            "resolved": "https://registry.npmjs.org/prettier/-/prettier-3.9.6.tgz",
            "integrity": "sha512-OpN0zzVdiaiAhxpuuj5efpIS4sY9j7bY6uR5mnj5yPzGkdkjNKSJeUThPb60Jw29QuAZgA4o+/iB49kFiaBX6g==",
            "dev": true,
            "license": "MIT",
            "peer": true,
            "bin": {
                "prettier": "bin/prettier.cjs"
            },
            "engines": {
                "node": ">=14"
            },
            "funding": {
                "url": "https://github.com/prettier/prettier?sponsor=1"
            }
        },
        "node_modules/prettier-plugin-markdown-list-tabwidth": {
            "version": "1.2.0",
            "resolved": "https://registry.npmjs.org/prettier-plugin-markdown-list-tabwidth/-/prettier-plugin-markdown-list-tabwidth-1.2.0.tgz",
            "integrity": "sha512-6FiBpTJXKL01T1Bj1Tml3TUyInR5M0AYrh7V9tKr/C2JGTCpe7sC0lnGcqEiUL4QFZEfFKFIh6oAmffxHuZizQ==",
            "dev": true,
            "license": "MIT",
            "engines": {
                "node": ">=14"
            },
            "peerDependencies": {
                "prettier": "*"
            }
        }
    }
}
